lockfileVersion: '6.0'

settings:
  autoInstallPeers: true
  excludeLinksFromLockfile: false

dependencies:
  '@angular/cdk':
    specifier: '>=19.0.0'
    version: 19.2.9(@angular/common@19.2.6)(@angular/core@19.2.6)(rxjs@7.8.2)
  '@angular/common':
    specifier: '>=19.0.0'
    version: 19.2.6(@angular/core@19.2.6)(rxjs@7.8.2)
  '@angular/core':
    specifier: '>=19.0.0'
    version: 19.2.6(rxjs@7.8.2)(zone.js@0.15.0)
  '@angular/platform-browser':
    specifier: '>=19.0.0'
    version: 19.2.6(@angular/common@19.2.6)(@angular/core@19.2.6)
  rxjs:
    specifier: ^6.5.3 || ^7.4.0
    version: 7.8.2
  tslib:
    specifier: ^2.8.1
    version: 2.8.1

packages:

  /@angular/cdk@19.2.9(@angular/common@19.2.6)(@angular/core@19.2.6)(rxjs@7.8.2):
    resolution: {integrity: sha512-4If3BjWQPwW/xqRUCL7Mx0dHS0SuZY7Tq/Ocf7liwYTYCmSv8Ew7NqaiPA4RS3FnyUJcZW/UAd231uWI/ZHChg==}
    peerDependencies:
      '@angular/common': ^19.0.0 || ^20.0.0
      '@angular/core': ^19.0.0 || ^20.0.0
      rxjs: ^6.5.3 || ^7.4.0
    dependencies:
      '@angular/common': 19.2.6(@angular/core@19.2.6)(rxjs@7.8.2)
      '@angular/core': 19.2.6(rxjs@7.8.2)(zone.js@0.15.0)
      parse5: 7.2.1
      rxjs: 7.8.2
      tslib: 2.8.1
    dev: false

  /@angular/common@19.2.6(@angular/core@19.2.6)(rxjs@7.8.2):
    resolution: {integrity: sha512-kqqjLwDUTpAv4m39AvlDFJhrxmBqblgzvXLm82F8UQ+505aleYpq/8P3tcfgJCRSCWZ1HXWki+JPHkdnHvhy0A==}
    engines: {node: ^18.19.1 || ^20.11.1 || >=22.0.0}
    peerDependencies:
      '@angular/core': 19.2.6
      rxjs: ^6.5.3 || ^7.4.0
    dependencies:
      '@angular/core': 19.2.6(rxjs@7.8.2)(zone.js@0.15.0)
      rxjs: 7.8.2
      tslib: 2.8.1
    dev: false

  /@angular/core@19.2.6(rxjs@7.8.2)(zone.js@0.15.0):
    resolution: {integrity: sha512-tmtdONYMg3PvhuCUlTHX17P7MZTLrbDNWpiTyZNRGDbRzQqc5fxK8IrZJXm7TWxx8imDrBZn+wvwCYNDmMD81g==}
    engines: {node: ^18.19.1 || ^20.11.1 || >=22.0.0}
    peerDependencies:
      rxjs: ^6.5.3 || ^7.4.0
      zone.js: ~0.15.0
    dependencies:
      rxjs: 7.8.2
      tslib: 2.8.1
      zone.js: 0.15.0
    dev: false

  /@angular/platform-browser@19.2.6(@angular/common@19.2.6)(@angular/core@19.2.6):
    resolution: {integrity: sha512-FfI642EbUU4RPu+zg2kPvlLCREhwzStgXFr7K4hfwCP+K9FPtgkY1Luw01mhqwySHfzj0oU0C1njZIBX66JBmw==}
    engines: {node: ^18.19.1 || ^20.11.1 || >=22.0.0}
    peerDependencies:
      '@angular/animations': 19.2.6
      '@angular/common': 19.2.6
      '@angular/core': 19.2.6
    peerDependenciesMeta:
      '@angular/animations':
        optional: true
    dependencies:
      '@angular/common': 19.2.6(@angular/core@19.2.6)(rxjs@7.8.2)
      '@angular/core': 19.2.6(rxjs@7.8.2)(zone.js@0.15.0)
      tslib: 2.8.1
    dev: false

  /entities@4.5.0:
    resolution: {integrity: sha512-V0hjH4dGPh9Ao5p0MoRY6BVqtwCjhz6vI5LT8AJ55H+4g9/4vbHx1I54fS0XuclLhDHArPQCiMjDxjaL8fPxhw==}
    engines: {node: '>=0.12'}
    requiresBuild: true
    dev: false

  /parse5@7.2.1:
    resolution: {integrity: sha512-BuBYQYlv1ckiPdQi/ohiivi9Sagc9JG+Ozs0r7b/0iK3sKmrb0b9FdWdBbOdx6hBCM/F9Ir82ofnBhtZOjCRPQ==}
    dependencies:
      entities: 4.5.0
    dev: false

  /rxjs@7.8.2:
    resolution: {integrity: sha512-dhKf903U/PQZY6boNNtAGdWbG85WAbjT/1xYoZIC7FAY0yWapOBQVsVrDl58W86//e1VpMNBtRV4MaXfdMySFA==}
    dependencies:
      tslib: 2.8.1
    dev: false

  /tslib@2.8.1:
    resolution: {integrity: sha512-oJFu94HQb+KVduSUQL7wnpmqnfmLsOA/nAh6b6EH0wCEoK0/mPeXU6c3wKDV83MkOuHPRHtSXKKU99IBazS/2w==}
    dev: false

  /zone.js@0.15.0:
    resolution: {integrity: sha512-9oxn0IIjbCZkJ67L+LkhYWRyAy7axphb3VgE2MBDlOqnmHMPWGYMxJxBYFueFq/JGY2GMwS0rU+UCLunEmy5UA==}
    dev: false
